
Microsoft Visual Studio Solution File, Format Version 12.00
# Visual Studio Version 16
VisualStudioVersion = 16.0.31702.278
MinimumVisualStudioVersion = 10.0.40219.1
Project("{FAE04EC0-301F-11D3-BF4B-00C04F79EFBC}") = "P0321a", "P0321a\P0321a.csproj", "{9B2D3CB6-E216-4AE9-8F1E-E49988EF882A}"
EndProject
Global
	GlobalSection(SolutionConfigurationPlatforms) = preSolution
		Debug|Any CPU = Debug|Any CPU
		Release|Any CPU = Release|Any CPU
	EndGlobalSection
	GlobalSection(ProjectConfigurationPlatforms) = postSolution
		{9B2D3CB6-E216-4AE9-8F1E-E49988EF882A}.Debug|Any CPU.ActiveCfg = Debug|Any CPU
		{9B2D3CB6-E216-4AE9-8F1E-E49988EF882A}.Debug|Any CPU.Build.0 = Debug|Any CPU
		{9B2D3CB6-E216-4AE9-8F1E-E49988EF882A}.Release|Any CPU.ActiveCfg = Release|Any CPU
		{9B2D3CB6-E216-4AE9-8F1E-E49988EF882A}.Release|Any CPU.Build.0 = Release|Any CPU
	EndGlobalSection
	GlobalSection(SolutionProperties) = preSolution
		HideSolutionNode = FALSE
	EndGlobalSection
	GlobalSection(ExtensibilityGlobals) = postSolution
		SolutionGuid = {1F461C2D-730E-42E3-A8DE-66506AA3D74B}
	EndGlobalSection
EndGlobal
